
Microsoft Visual Studio Solution File, Format Version 12.00
# Visual Studio 15
VisualStudioVersion = 15.0.28307.136
MinimumVisualStudioVersion = 10.0.40219.1
Project("{FAE04EC0-301F-11D3-BF4B-00C04F79EFBC}") = "master", "master\master.csproj", "{0EA8B69A-99DE-4F66-832C-7688C29F648C}"
EndProject
Global
	GlobalSection(SolutionConfigurationPlatforms) = preSolution
		Debug|Any CPU = Debug|Any CPU
		Release|Any CPU = Release|Any CPU
	EndGlobalSection
	GlobalSection(ProjectConfigurationPlatforms) = postSolution
		{0EA8B69A-99DE-4F66-832C-7688C29F648C}.Debug|Any CPU.ActiveCfg = Debug|Any CPU
		{0EA8B69A-99DE-4F66-832C-7688C29F648C}.Debug|Any CPU.Build.0 = Debug|Any CPU
		{0EA8B69A-99DE-4F66-832C-7688C29F648C}.Release|Any CPU.ActiveCfg = Release|Any CPU
		{0EA8B69A-99DE-4F66-832C-7688C29F648C}.Release|Any CPU.Build.0 = Release|Any CPU
	EndGlobalSection
	GlobalSection(SolutionProperties) = preSolution
		HideSolutionNode = FALSE
	EndGlobalSection
	GlobalSection(ExtensibilityGlobals) = postSolution
		SolutionGuid = {D6646471-DA64-4D67-855A-2E1458F62F33}
	EndGlobalSection
EndGlobal
